
Microsoft Visual Studio Solution File, Format Version 12.00
# Visual Studio Version 16
VisualStudioVersion = 16.0.31205.134
MinimumVisualStudioVersion = 10.0.40219.1
Project("{FAE04EC0-301F-11D3-BF4B-00C04F79EFBC}") = "AccountObject", "AccountObject.csproj", "{D30D78E8-A1A6-40D2-9583-7E7A307A01A5}"
EndProject
Global
	GlobalSection(SolutionConfigurationPlatforms) = preSolution
		Debug|Any CPU = Debug|Any CPU
		Release|Any CPU = Release|Any CPU
	EndGlobalSection
	GlobalSection(ProjectConfigurationPlatforms) = postSolution
		{D30D78E8-A1A6-40D2-9583-7E7A307A01A5}.Debug|Any CPU.ActiveCfg = Debug|Any CPU
		{D30D78E8-A1A6-40D2-9583-7E7A307A01A5}.Debug|Any CPU.Build.0 = Debug|Any CPU
		{D30D78E8-A1A6-40D2-9583-7E7A307A01A5}.Release|Any CPU.ActiveCfg = Release|Any CPU
		{D30D78E8-A1A6-40D2-9583-7E7A307A01A5}.Release|Any CPU.Build.0 = Release|Any CPU
	EndGlobalSection
	GlobalSection(SolutionProperties) = preSolution
		HideSolutionNode = FALSE
	EndGlobalSection
	GlobalSection(ExtensibilityGlobals) = postSolution
		SolutionGuid = {288B8682-B06A-4175-BFBF-33F3EB77FDF2}
	EndGlobalSection
EndGlobal
